
Microsoft Visual Studio Solution File, Format Version 12.00
# Visual Studio Version 16
VisualStudioVersion = 16.0.29806.167
MinimumVisualStudioVersion = 10.0.40219.1
Project("{2150E333-8FDC-42A3-9474-1A3956D46DE8}") = "Fichas", "Fichas", "{AF41F199-7301-4026-8F6C-5DA9A73FCD15}"
EndProject
Project("{9A19103F-16F7-4668-BE54-9A1E7A4F7556}") = "Consola", "Consola\Consola.csproj", "{78B366FF-0084-41C0-9600-081F3041253E}"
EndProject
Project("{9A19103F-16F7-4668-BE54-9A1E7A4F7556}") = "Ficha10", "Ficha6\Ficha10.csproj", "{3EA5BF5B-9B34-4E58-B09C-2E339C925AA2}"
EndProject
Project("{9A19103F-16F7-4668-BE54-9A1E7A4F7556}") = "Ficha11", "Ficha7\Ficha11.csproj", "{1D16CF13-F5FD-4DB3-A3A3-DF2455567FE6}"
EndProject
Project("{9A19103F-16F7-4668-BE54-9A1E7A4F7556}") = "Ficha12", "Ficha9\Ficha12.csproj", "{19108C35-191B-4864-8966-EEAD014D3569}"
EndProject
Project("{9A19103F-16F7-4668-BE54-9A1E7A4F7556}") = "Ficha13", "Ficha13\Ficha13.csproj", "{5ED5B09C-A06C-472E-B42A-D6EB8F299A49}"
EndProject
Global
	GlobalSection(SolutionConfigurationPlatforms) = preSolution
		Debug|Any CPU = Debug|Any CPU
		Release|Any CPU = Release|Any CPU
	EndGlobalSection
	GlobalSection(ProjectConfigurationPlatforms) = postSolution
		{78B366FF-0084-41C0-9600-081F3041253E}.Debug|Any CPU.ActiveCfg = Debug|Any CPU
		{78B366FF-0084-41C0-9600-081F3041253E}.Debug|Any CPU.Build.0 = Debug|Any CPU
		{78B366FF-0084-41C0-9600-081F3041253E}.Release|Any CPU.ActiveCfg = Release|Any CPU
		{78B366FF-0084-41C0-9600-081F3041253E}.Release|Any CPU.Build.0 = Release|Any CPU
		{3EA5BF5B-9B34-4E58-B09C-2E339C925AA2}.Debug|Any CPU.ActiveCfg = Debug|Any CPU
		{3EA5BF5B-9B34-4E58-B09C-2E339C925AA2}.Debug|Any CPU.Build.0 = Debug|Any CPU
		{3EA5BF5B-9B34-4E58-B09C-2E339C925AA2}.Release|Any CPU.ActiveCfg = Release|Any CPU
		{3EA5BF5B-9B34-4E58-B09C-2E339C925AA2}.Release|Any CPU.Build.0 = Release|Any CPU
		{1D16CF13-F5FD-4DB3-A3A3-DF2455567FE6}.Debug|Any CPU.ActiveCfg = Debug|Any CPU
		{1D16CF13-F5FD-4DB3-A3A3-DF2455567FE6}.Debug|Any CPU.Build.0 = Debug|Any CPU
		{1D16CF13-F5FD-4DB3-A3A3-DF2455567FE6}.Release|Any CPU.ActiveCfg = Release|Any CPU
		{1D16CF13-F5FD-4DB3-A3A3-DF2455567FE6}.Release|Any CPU.Build.0 = Release|Any CPU
		{19108C35-191B-4864-8966-EEAD014D3569}.Debug|Any CPU.ActiveCfg = Debug|Any CPU
		{19108C35-191B-4864-8966-EEAD014D3569}.Debug|Any CPU.Build.0 = Debug|Any CPU
		{19108C35-191B-4864-8966-EEAD014D3569}.Release|Any CPU.ActiveCfg = Release|Any CPU
		{19108C35-191B-4864-8966-EEAD014D3569}.Release|Any CPU.Build.0 = Release|Any CPU
		{5ED5B09C-A06C-472E-B42A-D6EB8F299A49}.Debug|Any CPU.ActiveCfg = Debug|Any CPU
		{5ED5B09C-A06C-472E-B42A-D6EB8F299A49}.Debug|Any CPU.Build.0 = Debug|Any CPU
		{5ED5B09C-A06C-472E-B42A-D6EB8F299A49}.Release|Any CPU.ActiveCfg = Release|Any CPU
		{5ED5B09C-A06C-472E-B42A-D6EB8F299A49}.Release|Any CPU.Build.0 = Release|Any CPU
	EndGlobalSection
	GlobalSection(SolutionProperties) = preSolution
		HideSolutionNode = FALSE
	EndGlobalSection
	GlobalSection(NestedProjects) = preSolution
		{3EA5BF5B-9B34-4E58-B09C-2E339C925AA2} = {AF41F199-7301-4026-8F6C-5DA9A73FCD15}
		{1D16CF13-F5FD-4DB3-A3A3-DF2455567FE6} = {AF41F199-7301-4026-8F6C-5DA9A73FCD15}
		{19108C35-191B-4864-8966-EEAD014D3569} = {AF41F199-7301-4026-8F6C-5DA9A73FCD15}
		{5ED5B09C-A06C-472E-B42A-D6EB8F299A49} = {AF41F199-7301-4026-8F6C-5DA9A73FCD15}
	EndGlobalSection
	GlobalSection(ExtensibilityGlobals) = postSolution
		SolutionGuid = {D1BB5BC3-6896-4699-B4CA-A40F73B9DB3F}
	EndGlobalSection
EndGlobal
