
Microsoft Visual Studio Solution File, Format Version 12.00
# Visual Studio Version 16
VisualStudioVersion = 16.0.29806.167
MinimumVisualStudioVersion = 10.0.40219.1
Project("{2150E333-8FDC-42A3-9474-1A3956D46DE8}") = "Fichas", "Fichas", "{AF41F199-7301-4026-8F6C-5DA9A73FCD15}"
EndProject
Project("{9A19103F-16F7-4668-BE54-9A1E7A4F7556}") = "Consola", "Consola\Consola.csproj", "{78B366FF-0084-41C0-9600-081F3041253E}"
EndProject
Project("{9A19103F-16F7-4668-BE54-9A1E7A4F7556}") = "Ficha10", "Ficha10\Ficha10.csproj", "{3EA5BF5B-9B34-4E58-B09C-2E339C925AA2}"
EndProject
Project("{9A19103F-16F7-4668-BE54-9A1E7A4F7556}") = "Ficha11", "Ficha11\Ficha11.csproj", "{1D16CF13-F5FD-4DB3-A3A3-DF2455567FE6}"
EndProject
Project("{9A19103F-16F7-4668-BE54-9A1E7A4F7556}") = "Ficha12", "Ficha12\Ficha12.csproj", "{19108C35-191B-4864-8966-EEAD014D3569}"
EndProject
Project("{9A19103F-16F7-4668-BE54-9A1E7A4F7556}") = "Ficha13", "Ficha13\Ficha13.csproj", "{5ED5B09C-A06C-472E-B42A-D6EB8F299A49}"
EndProject
Project("{9A19103F-16F7-4668-BE54-9A1E7A4F7556}") = "Ficha14", "Ficha14\Ficha14.csproj", "{1AD237D9-4310-4B38-A79E-B73C2EC8931A}"
EndProject
Project("{9A19103F-16F7-4668-BE54-9A1E7A4F7556}") = "Ficha15", "Ficha15\Ficha15.csproj", "{19A77C07-7C66-41AE-8A6F-7530930DFF6D}"
EndProject
Project("{9A19103F-16F7-4668-BE54-9A1E7A4F7556}") = "Ficha16", "Ficha16\Ficha16.csproj", "{D9C7D51D-7459-4F00-A2CE-882F61D8328A}"
EndProject
Project("{9A19103F-16F7-4668-BE54-9A1E7A4F7556}") = "Ficha17", "Ficha17\Ficha17.csproj", "{364BC12E-1673-46DA-8D3C-2239E7BEDE9F}"
EndProject
Project("{9A19103F-16F7-4668-BE54-9A1E7A4F7556}") = "Ficha24e25", "Ficha24e25\Ficha24e25.csproj", "{2E313F49-03E1-48A9-AB4D-C562CDA91F09}"
EndProject
Project("{9A19103F-16F7-4668-BE54-9A1E7A4F7556}") = "Ficha18", "Ficha18\Ficha18.csproj", "{EEC4FB6F-12B7-4340-A222-5E8FE19EA8A2}"
EndProject
Project("{9A19103F-16F7-4668-BE54-9A1E7A4F7556}") = "Ficha19", "Ficha19\Ficha19.csproj", "{52DB12F7-F0A7-4A36-966B-E0CC4B9884EB}"
EndProject
Project("{FAE04EC0-301F-11D3-BF4B-00C04F79EFBC}") = "Ficha21", "Ficha21\Ficha21.csproj", "{F34A32B9-AA42-482F-9C1A-8301A1B1E338}"
EndProject
Project("{FAE04EC0-301F-11D3-BF4B-00C04F79EFBC}") = "Ficha22", "Ficha22\Ficha22.csproj", "{E0E2F09D-8A09-4DD5-A27D-FD872DC83D3A}"
EndProject
Global
	GlobalSection(SolutionConfigurationPlatforms) = preSolution
		Debug|Any CPU = Debug|Any CPU
		Release|Any CPU = Release|Any CPU
	EndGlobalSection
	GlobalSection(ProjectConfigurationPlatforms) = postSolution
		{78B366FF-0084-41C0-9600-081F3041253E}.Debug|Any CPU.ActiveCfg = Debug|Any CPU
		{78B366FF-0084-41C0-9600-081F3041253E}.Debug|Any CPU.Build.0 = Debug|Any CPU
		{78B366FF-0084-41C0-9600-081F3041253E}.Release|Any CPU.ActiveCfg = Release|Any CPU
		{78B366FF-0084-41C0-9600-081F3041253E}.Release|Any CPU.Build.0 = Release|Any CPU
		{3EA5BF5B-9B34-4E58-B09C-2E339C925AA2}.Debug|Any CPU.ActiveCfg = Debug|Any CPU
		{3EA5BF5B-9B34-4E58-B09C-2E339C925AA2}.Debug|Any CPU.Build.0 = Debug|Any CPU
		{3EA5BF5B-9B34-4E58-B09C-2E339C925AA2}.Release|Any CPU.ActiveCfg = Release|Any CPU
		{3EA5BF5B-9B34-4E58-B09C-2E339C925AA2}.Release|Any CPU.Build.0 = Release|Any CPU
		{1D16CF13-F5FD-4DB3-A3A3-DF2455567FE6}.Debug|Any CPU.ActiveCfg = Debug|Any CPU
		{1D16CF13-F5FD-4DB3-A3A3-DF2455567FE6}.Debug|Any CPU.Build.0 = Debug|Any CPU
		{1D16CF13-F5FD-4DB3-A3A3-DF2455567FE6}.Release|Any CPU.ActiveCfg = Release|Any CPU
		{1D16CF13-F5FD-4DB3-A3A3-DF2455567FE6}.Release|Any CPU.Build.0 = Release|Any CPU
		{19108C35-191B-4864-8966-EEAD014D3569}.Debug|Any CPU.ActiveCfg = Debug|Any CPU
		{19108C35-191B-4864-8966-EEAD014D3569}.Debug|Any CPU.Build.0 = Debug|Any CPU
		{19108C35-191B-4864-8966-EEAD014D3569}.Release|Any CPU.ActiveCfg = Release|Any CPU
		{19108C35-191B-4864-8966-EEAD014D3569}.Release|Any CPU.Build.0 = Release|Any CPU
		{5ED5B09C-A06C-472E-B42A-D6EB8F299A49}.Debug|Any CPU.ActiveCfg = Debug|Any CPU
		{5ED5B09C-A06C-472E-B42A-D6EB8F299A49}.Debug|Any CPU.Build.0 = Debug|Any CPU
		{5ED5B09C-A06C-472E-B42A-D6EB8F299A49}.Release|Any CPU.ActiveCfg = Release|Any CPU
		{5ED5B09C-A06C-472E-B42A-D6EB8F299A49}.Release|Any CPU.Build.0 = Release|Any CPU
		{1AD237D9-4310-4B38-A79E-B73C2EC8931A}.Debug|Any CPU.ActiveCfg = Debug|Any CPU
		{1AD237D9-4310-4B38-A79E-B73C2EC8931A}.Debug|Any CPU.Build.0 = Debug|Any CPU
		{1AD237D9-4310-4B38-A79E-B73C2EC8931A}.Release|Any CPU.ActiveCfg = Release|Any CPU
		{1AD237D9-4310-4B38-A79E-B73C2EC8931A}.Release|Any CPU.Build.0 = Release|Any CPU
		{19A77C07-7C66-41AE-8A6F-7530930DFF6D}.Debug|Any CPU.ActiveCfg = Debug|Any CPU
		{19A77C07-7C66-41AE-8A6F-7530930DFF6D}.Debug|Any CPU.Build.0 = Debug|Any CPU
		{19A77C07-7C66-41AE-8A6F-7530930DFF6D}.Release|Any CPU.ActiveCfg = Release|Any CPU
		{19A77C07-7C66-41AE-8A6F-7530930DFF6D}.Release|Any CPU.Build.0 = Release|Any CPU
		{D9C7D51D-7459-4F00-A2CE-882F61D8328A}.Debug|Any CPU.ActiveCfg = Debug|Any CPU
		{D9C7D51D-7459-4F00-A2CE-882F61D8328A}.Debug|Any CPU.Build.0 = Debug|Any CPU
		{D9C7D51D-7459-4F00-A2CE-882F61D8328A}.Release|Any CPU.ActiveCfg = Release|Any CPU
		{D9C7D51D-7459-4F00-A2CE-882F61D8328A}.Release|Any CPU.Build.0 = Release|Any CPU
		{364BC12E-1673-46DA-8D3C-2239E7BEDE9F}.Debug|Any CPU.ActiveCfg = Debug|Any CPU
		{364BC12E-1673-46DA-8D3C-2239E7BEDE9F}.Debug|Any CPU.Build.0 = Debug|Any CPU
		{364BC12E-1673-46DA-8D3C-2239E7BEDE9F}.Release|Any CPU.ActiveCfg = Release|Any CPU
		{364BC12E-1673-46DA-8D3C-2239E7BEDE9F}.Release|Any CPU.Build.0 = Release|Any CPU
		{2E313F49-03E1-48A9-AB4D-C562CDA91F09}.Debug|Any CPU.ActiveCfg = Debug|Any CPU
		{2E313F49-03E1-48A9-AB4D-C562CDA91F09}.Debug|Any CPU.Build.0 = Debug|Any CPU
		{2E313F49-03E1-48A9-AB4D-C562CDA91F09}.Release|Any CPU.ActiveCfg = Release|Any CPU
		{2E313F49-03E1-48A9-AB4D-C562CDA91F09}.Release|Any CPU.Build.0 = Release|Any CPU
		{EEC4FB6F-12B7-4340-A222-5E8FE19EA8A2}.Debug|Any CPU.ActiveCfg = Debug|Any CPU
		{EEC4FB6F-12B7-4340-A222-5E8FE19EA8A2}.Debug|Any CPU.Build.0 = Debug|Any CPU
		{EEC4FB6F-12B7-4340-A222-5E8FE19EA8A2}.Release|Any CPU.ActiveCfg = Release|Any CPU
		{EEC4FB6F-12B7-4340-A222-5E8FE19EA8A2}.Release|Any CPU.Build.0 = Release|Any CPU
		{52DB12F7-F0A7-4A36-966B-E0CC4B9884EB}.Debug|Any CPU.ActiveCfg = Debug|Any CPU
		{52DB12F7-F0A7-4A36-966B-E0CC4B9884EB}.Debug|Any CPU.Build.0 = Debug|Any CPU
		{52DB12F7-F0A7-4A36-966B-E0CC4B9884EB}.Release|Any CPU.ActiveCfg = Release|Any CPU
		{52DB12F7-F0A7-4A36-966B-E0CC4B9884EB}.Release|Any CPU.Build.0 = Release|Any CPU
		{F34A32B9-AA42-482F-9C1A-8301A1B1E338}.Debug|Any CPU.ActiveCfg = Debug|Any CPU
		{F34A32B9-AA42-482F-9C1A-8301A1B1E338}.Debug|Any CPU.Build.0 = Debug|Any CPU
		{F34A32B9-AA42-482F-9C1A-8301A1B1E338}.Release|Any CPU.ActiveCfg = Release|Any CPU
		{F34A32B9-AA42-482F-9C1A-8301A1B1E338}.Release|Any CPU.Build.0 = Release|Any CPU
		{E0E2F09D-8A09-4DD5-A27D-FD872DC83D3A}.Debug|Any CPU.ActiveCfg = Debug|Any CPU
		{E0E2F09D-8A09-4DD5-A27D-FD872DC83D3A}.Debug|Any CPU.Build.0 = Debug|Any CPU
		{E0E2F09D-8A09-4DD5-A27D-FD872DC83D3A}.Release|Any CPU.ActiveCfg = Release|Any CPU
		{E0E2F09D-8A09-4DD5-A27D-FD872DC83D3A}.Release|Any CPU.Build.0 = Release|Any CPU
	EndGlobalSection
	GlobalSection(SolutionProperties) = preSolution
		HideSolutionNode = FALSE
	EndGlobalSection
	GlobalSection(NestedProjects) = preSolution
		{3EA5BF5B-9B34-4E58-B09C-2E339C925AA2} = {AF41F199-7301-4026-8F6C-5DA9A73FCD15}
		{1D16CF13-F5FD-4DB3-A3A3-DF2455567FE6} = {AF41F199-7301-4026-8F6C-5DA9A73FCD15}
		{19108C35-191B-4864-8966-EEAD014D3569} = {AF41F199-7301-4026-8F6C-5DA9A73FCD15}
		{5ED5B09C-A06C-472E-B42A-D6EB8F299A49} = {AF41F199-7301-4026-8F6C-5DA9A73FCD15}
		{1AD237D9-4310-4B38-A79E-B73C2EC8931A} = {AF41F199-7301-4026-8F6C-5DA9A73FCD15}
		{19A77C07-7C66-41AE-8A6F-7530930DFF6D} = {AF41F199-7301-4026-8F6C-5DA9A73FCD15}
		{D9C7D51D-7459-4F00-A2CE-882F61D8328A} = {AF41F199-7301-4026-8F6C-5DA9A73FCD15}
		{364BC12E-1673-46DA-8D3C-2239E7BEDE9F} = {AF41F199-7301-4026-8F6C-5DA9A73FCD15}
		{2E313F49-03E1-48A9-AB4D-C562CDA91F09} = {AF41F199-7301-4026-8F6C-5DA9A73FCD15}
		{EEC4FB6F-12B7-4340-A222-5E8FE19EA8A2} = {AF41F199-7301-4026-8F6C-5DA9A73FCD15}
		{52DB12F7-F0A7-4A36-966B-E0CC4B9884EB} = {AF41F199-7301-4026-8F6C-5DA9A73FCD15}
		{F34A32B9-AA42-482F-9C1A-8301A1B1E338} = {AF41F199-7301-4026-8F6C-5DA9A73FCD15}
		{E0E2F09D-8A09-4DD5-A27D-FD872DC83D3A} = {AF41F199-7301-4026-8F6C-5DA9A73FCD15}
	EndGlobalSection
	GlobalSection(ExtensibilityGlobals) = postSolution
		SolutionGuid = {D1BB5BC3-6896-4699-B4CA-A40F73B9DB3F}
	EndGlobalSection
EndGlobal
